// !$*UTF8*$!
{
	archiveVersion = 1;
	classes = {
	};
	objectVersion = 50;
	objects = {

/* Begin PBXBuildFile section */
		EB60F95124F412CE002E7C54 /* UserController.swift in Sources */ = {isa = PBXBuildFile; fileRef = EB60F95024F412CE002E7C54 /* UserController.swift */; };
		EB60F95324F41CD1002E7C54 /* ChoreDetailsViewController.swift in Sources */ = {isa = PBXBuildFile; fileRef = EB60F95224F41CD1002E7C54 /* ChoreDetailsViewController.swift */; };
		EB60F95524F41CE2002E7C54 /* AddChoreViewController.swift in Sources */ = {isa = PBXBuildFile; fileRef = EB60F95424F41CE2002E7C54 /* AddChoreViewController.swift */; };
		EB60F95724FD7132002E7C54 /* NewUserViewController.swift in Sources */ = {isa = PBXBuildFile; fileRef = EB60F95624FD7132002E7C54 /* NewUserViewController.swift */; };
		EB60F95925092D4C002E7C54 /* UsersTableViewController.swift in Sources */ = {isa = PBXBuildFile; fileRef = EB60F95825092D4C002E7C54 /* UsersTableViewController.swift */; };
		EB60F95D250FCEB7002E7C54 /* SelectUsersTableViewController.swift in Sources */ = {isa = PBXBuildFile; fileRef = EB60F95C250FCEB7002E7C54 /* SelectUsersTableViewController.swift */; };
		EB60F95F250FCFFE002E7C54 /* SelectUserTableViewCell.swift in Sources */ = {isa = PBXBuildFile; fileRef = EB60F95E250FCFFE002E7C54 /* SelectUserTableViewCell.swift */; };
		EBA006B424D3567C00FB97F4 /* AppDelegate.swift in Sources */ = {isa = PBXBuildFile; fileRef = EBA006B324D3567C00FB97F4 /* AppDelegate.swift */; };
		EBA006B624D3567C00FB97F4 /* SceneDelegate.swift in Sources */ = {isa = PBXBuildFile; fileRef = EBA006B524D3567C00FB97F4 /* SceneDelegate.swift */; };
		EBA006BB24D3567C00FB97F4 /* Main.storyboard in Resources */ = {isa = PBXBuildFile; fileRef = EBA006B924D3567C00FB97F4 /* Main.storyboard */; };
		EBA006BD24D3567E00FB97F4 /* Assets.xcassets in Resources */ = {isa = PBXBuildFile; fileRef = EBA006BC24D3567E00FB97F4 /* Assets.xcassets */; };
		EBA006C024D3567E00FB97F4 /* LaunchScreen.storyboard in Resources */ = {isa = PBXBuildFile; fileRef = EBA006BE24D3567E00FB97F4 /* LaunchScreen.storyboard */; };
		EBA006CB24D3582F00FB97F4 /* Chore.swift in Sources */ = {isa = PBXBuildFile; fileRef = EBA006CA24D3582F00FB97F4 /* Chore.swift */; };
		EBA006CD24D3591000FB97F4 /* User.swift in Sources */ = {isa = PBXBuildFile; fileRef = EBA006CC24D3591000FB97F4 /* User.swift */; };
		EBB1684D24E1BA960040A1FC /* ChoreController.swift in Sources */ = {isa = PBXBuildFile; fileRef = EBB1684C24E1BA960040A1FC /* ChoreController.swift */; };
		EBB1685024E1CA910040A1FC /* ChoreListCollectionViewController.swift in Sources */ = {isa = PBXBuildFile; fileRef = EBB1684F24E1CA910040A1FC /* ChoreListCollectionViewController.swift */; };
		EBB1685524E30F360040A1FC /* ChoreCollectionViewCell.swift in Sources */ = {isa = PBXBuildFile; fileRef = EBB1685424E30F360040A1FC /* ChoreCollectionViewCell.swift */; };
/* End PBXBuildFile section */

/* Begin PBXFileReference section */
		EB60F95024F412CE002E7C54 /* UserController.swift */ = {isa = PBXFileReference; lastKnownFileType = sourcecode.swift; path = UserController.swift; sourceTree = "<group>"; };
		EB60F95224F41CD1002E7C54 /* ChoreDetailsViewController.swift */ = {isa = PBXFileReference; lastKnownFileType = sourcecode.swift; path = ChoreDetailsViewController.swift; sourceTree = "<group>"; };
		EB60F95424F41CE2002E7C54 /* AddChoreViewController.swift */ = {isa = PBXFileReference; lastKnownFileType = sourcecode.swift; path = AddChoreViewController.swift; sourceTree = "<group>"; };
		EB60F95624FD7132002E7C54 /* NewUserViewController.swift */ = {isa = PBXFileReference; lastKnownFileType = sourcecode.swift; path = NewUserViewController.swift; sourceTree = "<group>"; };
		EB60F95825092D4C002E7C54 /* UsersTableViewController.swift */ = {isa = PBXFileReference; lastKnownFileType = sourcecode.swift; path = UsersTableViewController.swift; sourceTree = "<group>"; };
		EB60F95C250FCEB7002E7C54 /* SelectUsersTableViewController.swift */ = {isa = PBXFileReference; lastKnownFileType = sourcecode.swift; path = SelectUsersTableViewController.swift; sourceTree = "<group>"; };
		EB60F95E250FCFFE002E7C54 /* SelectUserTableViewCell.swift */ = {isa = PBXFileReference; lastKnownFileType = sourcecode.swift; name = SelectUserTableViewCell.swift; path = ChoreTracker/ViewControllers/SelectUserTableViewCell.swift; sourceTree = SOURCE_ROOT; };
		EBA006B024D3567C00FB97F4 /* ChoreTracker.app */ = {isa = PBXFileReference; explicitFileType = wrapper.application; includeInIndex = 0; path = ChoreTracker.app; sourceTree = BUILT_PRODUCTS_DIR; };
		EBA006B324D3567C00FB97F4 /* AppDelegate.swift */ = {isa = PBXFileReference; lastKnownFileType = sourcecode.swift; path = AppDelegate.swift; sourceTree = "<group>"; };
		EBA006B524D3567C00FB97F4 /* SceneDelegate.swift */ = {isa = PBXFileReference; lastKnownFileType = sourcecode.swift; path = SceneDelegate.swift; sourceTree = "<group>"; };
		EBA006BA24D3567C00FB97F4 /* Base */ = {isa = PBXFileReference; lastKnownFileType = file.storyboard; name = Base; path = Base.lproj/Main.storyboard; sourceTree = "<group>"; };
		EBA006BC24D3567E00FB97F4 /* Assets.xcassets */ = {isa = PBXFileReference; lastKnownFileType = folder.assetcatalog; path = Assets.xcassets; sourceTree = "<group>"; };
		EBA006BF24D3567E00FB97F4 /* Base */ = {isa = PBXFileReference; lastKnownFileType = file.storyboard; name = Base; path = Base.lproj/LaunchScreen.storyboard; sourceTree = "<group>"; };
		EBA006C124D3567E00FB97F4 /* Info.plist */ = {isa = PBXFileReference; lastKnownFileType = text.plist.xml; path = Info.plist; sourceTree = "<group>"; };
		EBA006CA24D3582F00FB97F4 /* Chore.swift */ = {isa = PBXFileReference; lastKnownFileType = sourcecode.swift; path = Chore.swift; sourceTree = "<group>"; };
		EBA006CC24D3591000FB97F4 /* User.swift */ = {isa = PBXFileReference; lastKnownFileType = sourcecode.swift; path = User.swift; sourceTree = "<group>"; };
		EBB1684C24E1BA960040A1FC /* ChoreController.swift */ = {isa = PBXFileReference; lastKnownFileType = sourcecode.swift; path = ChoreController.swift; sourceTree = "<group>"; };
		EBB1684F24E1CA910040A1FC /* ChoreListCollectionViewController.swift */ = {isa = PBXFileReference; lastKnownFileType = sourcecode.swift; path = ChoreListCollectionViewController.swift; sourceTree = "<group>"; };
		EBB1685424E30F360040A1FC /* ChoreCollectionViewCell.swift */ = {isa = PBXFileReference; fileEncoding = 4; lastKnownFileType = sourcecode.swift; path = ChoreCollectionViewCell.swift; sourceTree = "<group>"; };
/* End PBXFileReference section */

/* Begin PBXFrameworksBuildPhase section */
		EBA006AD24D3567C00FB97F4 /* Frameworks */ = {
			isa = PBXFrameworksBuildPhase;
			buildActionMask = 2147483647;
			files = (
			);
			runOnlyForDeploymentPostprocessing = 0;
		};
/* End PBXFrameworksBuildPhase section */

/* Begin PBXGroup section */
		EBA006A724D3567C00FB97F4 = {
			isa = PBXGroup;
			children = (
				EBA006B224D3567C00FB97F4 /* ChoreTracker */,
				EBA006B124D3567C00FB97F4 /* Products */,
			);
			sourceTree = "<group>";
		};
		EBA006B124D3567C00FB97F4 /* Products */ = {
			isa = PBXGroup;
			children = (
				EBA006B024D3567C00FB97F4 /* ChoreTracker.app */,
			);
			name = Products;
			sourceTree = "<group>";
		};
		EBA006B224D3567C00FB97F4 /* ChoreTracker */ = {
			isa = PBXGroup;
			children = (
				EBB1684E24E1CA2C0040A1FC /* ViewControllers */,
				EBA006C824D357E200FB97F4 /* Controllers */,
				EBA006C724D357D000FB97F4 /* Models */,
				EBB1685324E30EC20040A1FC /* Views */,
				EBA006B924D3567C00FB97F4 /* Main.storyboard */,
				EBA006C924D3580C00FB97F4 /* Extras */,
			);
			path = ChoreTracker;
			sourceTree = "<group>";
		};
		EBA006C724D357D000FB97F4 /* Models */ = {
			isa = PBXGroup;
			children = (
				EBA006CA24D3582F00FB97F4 /* Chore.swift */,
				EBA006CC24D3591000FB97F4 /* User.swift */,
			);
			path = Models;
			sourceTree = "<group>";
		};
		EBA006C824D357E200FB97F4 /* Controllers */ = {
			isa = PBXGroup;
			children = (
				EBB1684C24E1BA960040A1FC /* ChoreController.swift */,
				EB60F95024F412CE002E7C54 /* UserController.swift */,
			);
			path = Controllers;
			sourceTree = "<group>";
		};
		EBA006C924D3580C00FB97F4 /* Extras */ = {
			isa = PBXGroup;
			children = (
				EBA006B324D3567C00FB97F4 /* AppDelegate.swift */,
				EBA006B524D3567C00FB97F4 /* SceneDelegate.swift */,
				EBA006BC24D3567E00FB97F4 /* Assets.xcassets */,
				EBA006BE24D3567E00FB97F4 /* LaunchScreen.storyboard */,
				EBA006C124D3567E00FB97F4 /* Info.plist */,
			);
			path = Extras;
			sourceTree = "<group>";
		};
		EBB1684E24E1CA2C0040A1FC /* ViewControllers */ = {
			isa = PBXGroup;
			children = (
				EBB1684F24E1CA910040A1FC /* ChoreListCollectionViewController.swift */,
				EB60F95224F41CD1002E7C54 /* ChoreDetailsViewController.swift */,
				EB60F95424F41CE2002E7C54 /* AddChoreViewController.swift */,
				EB60F95825092D4C002E7C54 /* UsersTableViewController.swift */,
				EB60F95624FD7132002E7C54 /* NewUserViewController.swift */,
				EB60F95C250FCEB7002E7C54 /* SelectUsersTableViewController.swift */,
			);
			path = ViewControllers;
			sourceTree = "<group>";
		};
		EBB1685324E30EC20040A1FC /* Views */ = {
			isa = PBXGroup;
			children = (
				EB60F95E250FCFFE002E7C54 /* SelectUserTableViewCell.swift */,
				EBB1685424E30F360040A1FC /* ChoreCollectionViewCell.swift */,
			);
			path = Views;
			sourceTree = "<group>";
		};
/* End PBXGroup section */

/* Begin PBXNativeTarget section */
		EBA006AF24D3567C00FB97F4 /* ChoreTracker */ = {
			isa = PBXNativeTarget;
			buildConfigurationList = EBA006C424D3567E00FB97F4 /* Build configuration list for PBXNativeTarget "ChoreTracker" */;
			buildPhases = (
				EBA006AC24D3567C00FB97F4 /* Sources */,
				EBA006AD24D3567C00FB97F4 /* Frameworks */,
				EBA006AE24D3567C00FB97F4 /* Resources */,
			);
			buildRules = (
			);
			dependencies = (
			);
			name = ChoreTracker;
			productName = ChoreTracker;
			productReference = EBA006B024D3567C00FB97F4 /* ChoreTracker.app */;
			productType = "com.apple.product-type.application";
		};
/* End PBXNativeTarget section */

/* Begin PBXProject section */
		EBA006A824D3567C00FB97F4 /* Project object */ = {
			isa = PBXProject;
			attributes = {
				LastSwiftUpdateCheck = 1130;
				LastUpgradeCheck = 1130;
				ORGANIZATIONNAME = "Ahava Morse";
				TargetAttributes = {
					EBA006AF24D3567C00FB97F4 = {
						CreatedOnToolsVersion = 11.3.1;
					};
				};
			};
			buildConfigurationList = EBA006AB24D3567C00FB97F4 /* Build configuration list for PBXProject "ChoreTracker" */;
			compatibilityVersion = "Xcode 9.3";
			developmentRegion = en;
			hasScannedForEncodings = 0;
			knownRegions = (
				en,
				Base,
			);
			mainGroup = EBA006A724D3567C00FB97F4;
			productRefGroup = EBA006B124D3567C00FB97F4 /* Products */;
			projectDirPath = "";
			projectRoot = "";
			targets = (
				EBA006AF24D3567C00FB97F4 /* ChoreTracker */,
			);
		};
/* End PBXProject section */

/* Begin PBXResourcesBuildPhase section */
		EBA006AE24D3567C00FB97F4 /* Resources */ = {
			isa = PBXResourcesBuildPhase;
			buildActionMask = 2147483647;
			files = (
				EBA006C024D3567E00FB97F4 /* LaunchScreen.storyboard in Resources */,
				EBA006BD24D3567E00FB97F4 /* Assets.xcassets in Resources */,
				EBA006BB24D3567C00FB97F4 /* Main.storyboard in Resources */,
			);
			runOnlyForDeploymentPostprocessing = 0;
		};
/* End PBXResourcesBuildPhase section */

/* Begin PBXSourcesBuildPhase section */
		EBA006AC24D3567C00FB97F4 /* Sources */ = {
			isa = PBXSourcesBuildPhase;
			buildActionMask = 2147483647;
			files = (
				EB60F95524F41CE2002E7C54 /* AddChoreViewController.swift in Sources */,
				EBB1685024E1CA910040A1FC /* ChoreListCollectionViewController.swift in Sources */,
				EB60F95925092D4C002E7C54 /* UsersTableViewController.swift in Sources */,
				EBA006CD24D3591000FB97F4 /* User.swift in Sources */,
				EB60F95124F412CE002E7C54 /* UserController.swift in Sources */,
				EBA006CB24D3582F00FB97F4 /* Chore.swift in Sources */,
				EBB1684D24E1BA960040A1FC /* ChoreController.swift in Sources */,
				EBB1685524E30F360040A1FC /* ChoreCollectionViewCell.swift in Sources */,
				EBA006B424D3567C00FB97F4 /* AppDelegate.swift in Sources */,
				EB60F95D250FCEB7002E7C54 /* SelectUsersTableViewController.swift in Sources */,
				EB60F95F250FCFFE002E7C54 /* SelectUserTableViewCell.swift in Sources */,
				EB60F95724FD7132002E7C54 /* NewUserViewController.swift in Sources */,
				EB60F95324F41CD1002E7C54 /* ChoreDetailsViewController.swift in Sources */,
				EBA006B624D3567C00FB97F4 /* SceneDelegate.swift in Sources */,
			);
			runOnlyForDeploymentPostprocessing = 0;
		};
/* End PBXSourcesBuildPhase section */

/* Begin PBXVariantGroup section */
		EBA006B924D3567C00FB97F4 /* Main.storyboard */ = {
			isa = PBXVariantGroup;
			children = (
				EBA006BA24D3567C00FB97F4 /* Base */,
			);
			name = Main.storyboard;
			sourceTree = "<group>";
			wrapsLines = 1;
		};
		EBA006BE24D3567E00FB97F4 /* LaunchScreen.storyboard */ = {
			isa = PBXVariantGroup;
			children = (
				EBA006BF24D3567E00FB97F4 /* Base */,
			);
			name = LaunchScreen.storyboard;
			sourceTree = "<group>";
		};
/* End PBXVariantGroup section */

/* Begin XCBuildConfiguration section */
		EBA006C224D3567E00FB97F4 /* Debug */ = {
			isa = XCBuildConfiguration;
			buildSettings = {
				ALWAYS_SEARCH_USER_PATHS = NO;
				CLANG_ANALYZER_NONNULL = YES;
				CLANG_ANALYZER_NUMBER_OBJECT_CONVERSION = YES_AGGRESSIVE;
				CLANG_CXX_LANGUAGE_STANDARD = "gnu++14";
				CLANG_CXX_LIBRARY = "libc++";
				CLANG_ENABLE_MODULES = YES;
				CLANG_ENABLE_OBJC_ARC = YES;
				CLANG_ENABLE_OBJC_WEAK = YES;
				CLANG_WARN_BLOCK_CAPTURE_AUTORELEASING = YES;
				CLANG_WARN_BOOL_CONVERSION = YES;
				CLANG_WARN_COMMA = YES;
				CLANG_WARN_CONSTANT_CONVERSION = YES;
				CLANG_WARN_DEPRECATED_OBJC_IMPLEMENTATIONS = YES;
				CLANG_WARN_DIRECT_OBJC_ISA_USAGE = YES_ERROR;
				CLANG_WARN_DOCUMENTATION_COMMENTS = YES;
				CLANG_WARN_EMPTY_BODY = YES;
				CLANG_WARN_ENUM_CONVERSION = YES;
				CLANG_WARN_INFINITE_RECURSION = YES;
				CLANG_WARN_INT_CONVERSION = YES;
				CLANG_WARN_NON_LITERAL_NULL_CONVERSION = YES;
				CLANG_WARN_OBJC_IMPLICIT_RETAIN_SELF = YES;
				CLANG_WARN_OBJC_LITERAL_CONVERSION = YES;
				CLANG_WARN_OBJC_ROOT_CLASS = YES_ERROR;
				CLANG_WARN_RANGE_LOOP_ANALYSIS = YES;
				CLANG_WARN_STRICT_PROTOTYPES = YES;
				CLANG_WARN_SUSPICIOUS_MOVE = YES;
				CLANG_WARN_UNGUARDED_AVAILABILITY = YES_AGGRESSIVE;
				CLANG_WARN_UNREACHABLE_CODE = YES;
				CLANG_WARN__DUPLICATE_METHOD_MATCH = YES;
				COPY_PHASE_STRIP = NO;
				DEBUG_INFORMATION_FORMAT = dwarf;
				ENABLE_STRICT_OBJC_MSGSEND = YES;
				ENABLE_TESTABILITY = YES;
				GCC_C_LANGUAGE_STANDARD = gnu11;
				GCC_DYNAMIC_NO_PIC = NO;
				GCC_NO_COMMON_BLOCKS = YES;
				GCC_OPTIMIZATION_LEVEL = 0;
				GCC_PREPROCESSOR_DEFINITIONS = (
					"DEBUG=1",
					"$(inherited)",
				);
				GCC_WARN_64_TO_32_BIT_CONVERSION = YES;
				GCC_WARN_ABOUT_RETURN_TYPE = YES_ERROR;
				GCC_WARN_UNDECLARED_SELECTOR = YES;
				GCC_WARN_UNINITIALIZED_AUTOS = YES_AGGRESSIVE;
				GCC_WARN_UNUSED_FUNCTION = YES;
				GCC_WARN_UNUSED_VARIABLE = YES;
				IPHONEOS_DEPLOYMENT_TARGET = 13.2;
				MTL_ENABLE_DEBUG_INFO = INCLUDE_SOURCE;
				MTL_FAST_MATH = YES;
				ONLY_ACTIVE_ARCH = YES;
				SDKROOT = iphoneos;
				SWIFT_ACTIVE_COMPILATION_CONDITIONS = DEBUG;
				SWIFT_OPTIMIZATION_LEVEL = "-Onone";
			};
			name = Debug;
		};
		EBA006C324D3567E00FB97F4 /* Release */ = {
			isa = XCBuildConfiguration;
			buildSettings = {
				ALWAYS_SEARCH_USER_PATHS = NO;
				CLANG_ANALYZER_NONNULL = YES;
				CLANG_ANALYZER_NUMBER_OBJECT_CONVERSION = YES_AGGRESSIVE;
				CLANG_CXX_LANGUAGE_STANDARD = "gnu++14";
				CLANG_CXX_LIBRARY = "libc++";
				CLANG_ENABLE_MODULES = YES;
				CLANG_ENABLE_OBJC_ARC = YES;
				CLANG_ENABLE_OBJC_WEAK = YES;
				CLANG_WARN_BLOCK_CAPTURE_AUTORELEASING = YES;
				CLANG_WARN_BOOL_CONVERSION = YES;
				CLANG_WARN_COMMA = YES;
				CLANG_WARN_CONSTANT_CONVERSION = YES;
				CLANG_WARN_DEPRECATED_OBJC_IMPLEMENTATIONS = YES;
				CLANG_WARN_DIRECT_OBJC_ISA_USAGE = YES_ERROR;
				CLANG_WARN_DOCUMENTATION_COMMENTS = YES;
				CLANG_WARN_EMPTY_BODY = YES;
				CLANG_WARN_ENUM_CONVERSION = YES;
				CLANG_WARN_INFINITE_RECURSION = YES;
				CLANG_WARN_INT_CONVERSION = YES;
				CLANG_WARN_NON_LITERAL_NULL_CONVERSION = YES;
				CLANG_WARN_OBJC_IMPLICIT_RETAIN_SELF = YES;
				CLANG_WARN_OBJC_LITERAL_CONVERSION = YES;
				CLANG_WARN_OBJC_ROOT_CLASS = YES_ERROR;
				CLANG_WARN_RANGE_LOOP_ANALYSIS = YES;
				CLANG_WARN_STRICT_PROTOTYPES = YES;
				CLANG_WARN_SUSPICIOUS_MOVE = YES;
				CLANG_WARN_UNGUARDED_AVAILABILITY = YES_AGGRESSIVE;
				CLANG_WARN_UNREACHABLE_CODE = YES;
				CLANG_WARN__DUPLICATE_METHOD_MATCH = YES;
				COPY_PHASE_STRIP = NO;
				DEBUG_INFORMATION_FORMAT = "dwarf-with-dsym";
				ENABLE_NS_ASSERTIONS = NO;
				ENABLE_STRICT_OBJC_MSGSEND = YES;
				GCC_C_LANGUAGE_STANDARD = gnu11;
				GCC_NO_COMMON_BLOCKS = YES;
				GCC_WARN_64_TO_32_BIT_CONVERSION = YES;
				GCC_WARN_ABOUT_RETURN_TYPE = YES_ERROR;
				GCC_WARN_UNDECLARED_SELECTOR = YES;
				GCC_WARN_UNINITIALIZED_AUTOS = YES_AGGRESSIVE;
				GCC_WARN_UNUSED_FUNCTION = YES;
				GCC_WARN_UNUSED_VARIABLE = YES;
				IPHONEOS_DEPLOYMENT_TARGET = 13.2;
				MTL_ENABLE_DEBUG_INFO = NO;
				MTL_FAST_MATH = YES;
				SDKROOT = iphoneos;
				SWIFT_COMPILATION_MODE = wholemodule;
				SWIFT_OPTIMIZATION_LEVEL = "-O";
				VALIDATE_PRODUCT = YES;
			};
			name = Release;
		};
		EBA006C524D3567E00FB97F4 /* Debug */ = {
			isa = XCBuildConfiguration;
			buildSettings = {
				ASSETCATALOG_COMPILER_APPICON_NAME = AppIcon;
				CODE_SIGN_STYLE = Automatic;
				DEVELOPMENT_TEAM = 5DB846Q2S9;
				INFOPLIST_FILE = ChoreTracker/Extras/Info.plist;
				LD_RUNPATH_SEARCH_PATHS = (
					"$(inherited)",
					"@executable_path/Frameworks",
				);
				PRODUCT_BUNDLE_IDENTIFIER = ahavamorse.ChoreTracker;
				PRODUCT_NAME = "$(TARGET_NAME)";
				SWIFT_VERSION = 5.0;
				TARGETED_DEVICE_FAMILY = "1,2";
			};
			name = Debug;
		};
		EBA006C624D3567E00FB97F4 /* Release */ = {
			isa = XCBuildConfiguration;
			buildSettings = {
				ASSETCATALOG_COMPILER_APPICON_NAME = AppIcon;
				CODE_SIGN_STYLE = Automatic;
				DEVELOPMENT_TEAM = 5DB846Q2S9;
				INFOPLIST_FILE = ChoreTracker/Extras/Info.plist;
				LD_RUNPATH_SEARCH_PATHS = (
					"$(inherited)",
					"@executable_path/Frameworks",
				);
				PRODUCT_BUNDLE_IDENTIFIER = ahavamorse.ChoreTracker;
				PRODUCT_NAME = "$(TARGET_NAME)";
				SWIFT_VERSION = 5.0;
				TARGETED_DEVICE_FAMILY = "1,2";
			};
			name = Release;
		};
/* End XCBuildConfiguration section */

/* Begin XCConfigurationList section */
		EBA006AB24D3567C00FB97F4 /* Build configuration list for PBXProject "ChoreTracker" */ = {
			isa = XCConfigurationList;
			buildConfigurations = (
				EBA006C224D3567E00FB97F4 /* Debug */,
				EBA006C324D3567E00FB97F4 /* Release */,
			);
			defaultConfigurationIsVisible = 0;
			defaultConfigurationName = Release;
		};
		EBA006C424D3567E00FB97F4 /* Build configuration list for PBXNativeTarget "ChoreTracker" */ = {
			isa = XCConfigurationList;
			buildConfigurations = (
				EBA006C524D3567E00FB97F4 /* Debug */,
				EBA006C624D3567E00FB97F4 /* Release */,
			);
			defaultConfigurationIsVisible = 0;
			defaultConfigurationName = Release;
		};
/* End XCConfigurationList section */
	};
	rootObject = EBA006A824D3567C00FB97F4 /* Project object */;
}
